
Microsoft Visual Studio Solution File, Format Version 12.00
# Visual Studio Version 17
VisualStudioVersion = 17.6.33829.357
MinimumVisualStudioVersion = 10.0.40219.1
Project("{2150E333-8FDC-42A3-9474-1A3956D46DE8}") = "Services", "Services", "{8A5D159D-0CFA-470A-9708-BFFD14C52446}"
EndProject
Project("{2150E333-8FDC-42A3-9474-1A3956D46DE8}") = "Catalog", "Catalog", "{0B452A16-C9EA-47E3-A59B-D314B45E6372}"
EndProject
Project("{2150E333-8FDC-42A3-9474-1A3956D46DE8}") = "Basket", "Basket", "{E48A2074-A78C-4D53-A9DE-965B502E9B65}"
EndProject
Project("{9A19103F-16F7-4668-BE54-9A1E7A4F7556}") = "Basket.API", "Services\Basket\Basket.API\Basket.API.csproj", "{11CBEE5C-FB7D-4371-B8ED-603602907AC5}"
EndProject
Project("{9A19103F-16F7-4668-BE54-9A1E7A4F7556}") = "Catalog.API", "Services\Catalog\Catalog.API\Catalog.API.csproj", "{05228DB8-DE78-476A-8D6B-10EE5439B333}"
EndProject
Project("{E53339B2-1760-4266-BCC7-CA923CBCF16C}") = "docker-compose", "docker-compose.dcproj", "{E3CBB49E-8CDF-42D5-B6EC-D9F069198878}"
EndProject
Project("{2150E333-8FDC-42A3-9474-1A3956D46DE8}") = "Discount", "Discount", "{486A2A71-1BC8-447C-AC24-4EE543DD0FE6}"
EndProject
Project("{9A19103F-16F7-4668-BE54-9A1E7A4F7556}") = "Discount.API", "Services\Discount\Discount.API\Discount.API.csproj", "{B75689AD-0985-4476-A1F1-3B4EF1C0811F}"
EndProject
Project("{9A19103F-16F7-4668-BE54-9A1E7A4F7556}") = "Discount.Grpc", "Services\Discount\Discount.Grpc\Discount.Grpc.csproj", "{67B2068E-9A73-4C91-808E-BC8DA0D68A50}"
EndProject
Project("{2150E333-8FDC-42A3-9474-1A3956D46DE8}") = "Ordering", "Ordering", "{5B156E1F-4B1C-47B1-88A3-F9BB3244E126}"
EndProject
Project("{9A19103F-16F7-4668-BE54-9A1E7A4F7556}") = "Ordering.API", "Services\Ordering\Ordering.API\Ordering.API.csproj", "{4B9D7E1D-9A31-4B06-8E8F-C455180E47F7}"
EndProject
Project("{9A19103F-16F7-4668-BE54-9A1E7A4F7556}") = "Ordering.Domain", "Services\Ordering\Ordering.Domain\Ordering.Domain.csproj", "{B0EA7C27-4B38-43ED-9B15-77A124C2ED05}"
EndProject
Project("{9A19103F-16F7-4668-BE54-9A1E7A4F7556}") = "Ordering.Application", "Services\Ordering\Ordering.Application\Ordering.Application.csproj", "{DE8BFE72-F327-4107-BB94-A098CC9A5167}"
EndProject
Project("{9A19103F-16F7-4668-BE54-9A1E7A4F7556}") = "Ordering.Infrastructure", "Services\Ordering\Ordering.Infrastructure\Ordering.Infrastructure.csproj", "{7C9DCD6E-9EF1-4185-92EA-CE01361F359C}"
EndProject
Project("{2150E333-8FDC-42A3-9474-1A3956D46DE8}") = "Solution Items", "Solution Items", "{A3CF7842-E154-4BC9-A385-3BCACC5F181C}"
EndProject
Project("{9A19103F-16F7-4668-BE54-9A1E7A4F7556}") = "EventBus.Message", "Solution Items\EventBus.Message\EventBus.Message.csproj", "{0A9FA525-3B90-43F7-98F4-29AA97C0E1C4}"
EndProject
Project("{2150E333-8FDC-42A3-9474-1A3956D46DE8}") = "APIGateways", "APIGateways", "{9FE6060B-4A41-4501-B861-0372D591F33E}"
EndProject
Project("{2150E333-8FDC-42A3-9474-1A3956D46DE8}") = "EventBus", "EventBus", "{C6F6A3EA-F982-47DB-8BBB-AF74409F7CA0}"
EndProject
Project("{9A19103F-16F7-4668-BE54-9A1E7A4F7556}") = "OcelotAPIGateway", "Solution Items\APIGateways\OcelotAPIGateway\OcelotAPIGateway.csproj", "{379D2870-B071-4E8A-9926-159EA02F90E0}"
EndProject
Project("{9A19103F-16F7-4668-BE54-9A1E7A4F7556}") = "Shopping.Aggregator", "Solution Items\APIGateways\Shopping.Aggregator\Shopping.Aggregator.csproj", "{ED32F06A-185B-4475-92A1-5C6E929068F8}"
EndProject
Project("{2150E333-8FDC-42A3-9474-1A3956D46DE8}") = "WebApps", "WebApps", "{4FB7F54D-0AE7-4D49-96AE-3EC688763EF7}"
EndProject
Project("{9A19103F-16F7-4668-BE54-9A1E7A4F7556}") = "AspnetRunBasics", "Solution Items\WebApps\AspnetRunBasics\AspnetRunBasics.csproj", "{94F9F7E4-4413-41BD-897D-276B8E3240DA}"
EndProject
Project("{2150E333-8FDC-42A3-9474-1A3956D46DE8}") = "BuildingBlocks", "BuildingBlocks", "{F379BE0A-DC3B-417E-9DBB-A8CFED7C24E8}"
EndProject
Project("{FAE04EC0-301F-11D3-BF4B-00C04F79EFBC}") = "Common.Logging", "Solution Items\BuildingBlocks\Common.Logging\Common.Logging.csproj", "{9A1EC866-37AF-47C8-9591-A60C12595F3B}"
EndProject
Global
	GlobalSection(SolutionConfigurationPlatforms) = preSolution
		Debug|Any CPU = Debug|Any CPU
		Release|Any CPU = Release|Any CPU
	EndGlobalSection
	GlobalSection(ProjectConfigurationPlatforms) = postSolution
		{11CBEE5C-FB7D-4371-B8ED-603602907AC5}.Debug|Any CPU.ActiveCfg = Debug|Any CPU
		{11CBEE5C-FB7D-4371-B8ED-603602907AC5}.Debug|Any CPU.Build.0 = Debug|Any CPU
		{11CBEE5C-FB7D-4371-B8ED-603602907AC5}.Release|Any CPU.ActiveCfg = Release|Any CPU
		{11CBEE5C-FB7D-4371-B8ED-603602907AC5}.Release|Any CPU.Build.0 = Release|Any CPU
		{05228DB8-DE78-476A-8D6B-10EE5439B333}.Debug|Any CPU.ActiveCfg = Debug|Any CPU
		{05228DB8-DE78-476A-8D6B-10EE5439B333}.Debug|Any CPU.Build.0 = Debug|Any CPU
		{05228DB8-DE78-476A-8D6B-10EE5439B333}.Release|Any CPU.ActiveCfg = Release|Any CPU
		{05228DB8-DE78-476A-8D6B-10EE5439B333}.Release|Any CPU.Build.0 = Release|Any CPU
		{E3CBB49E-8CDF-42D5-B6EC-D9F069198878}.Debug|Any CPU.ActiveCfg = Debug|Any CPU
		{E3CBB49E-8CDF-42D5-B6EC-D9F069198878}.Debug|Any CPU.Build.0 = Debug|Any CPU
		{E3CBB49E-8CDF-42D5-B6EC-D9F069198878}.Release|Any CPU.ActiveCfg = Release|Any CPU
		{E3CBB49E-8CDF-42D5-B6EC-D9F069198878}.Release|Any CPU.Build.0 = Release|Any CPU
		{B75689AD-0985-4476-A1F1-3B4EF1C0811F}.Debug|Any CPU.ActiveCfg = Debug|Any CPU
		{B75689AD-0985-4476-A1F1-3B4EF1C0811F}.Debug|Any CPU.Build.0 = Debug|Any CPU
		{B75689AD-0985-4476-A1F1-3B4EF1C0811F}.Release|Any CPU.ActiveCfg = Release|Any CPU
		{B75689AD-0985-4476-A1F1-3B4EF1C0811F}.Release|Any CPU.Build.0 = Release|Any CPU
		{67B2068E-9A73-4C91-808E-BC8DA0D68A50}.Debug|Any CPU.ActiveCfg = Debug|Any CPU
		{67B2068E-9A73-4C91-808E-BC8DA0D68A50}.Debug|Any CPU.Build.0 = Debug|Any CPU
		{67B2068E-9A73-4C91-808E-BC8DA0D68A50}.Release|Any CPU.ActiveCfg = Release|Any CPU
		{67B2068E-9A73-4C91-808E-BC8DA0D68A50}.Release|Any CPU.Build.0 = Release|Any CPU
		{4B9D7E1D-9A31-4B06-8E8F-C455180E47F7}.Debug|Any CPU.ActiveCfg = Debug|Any CPU
		{4B9D7E1D-9A31-4B06-8E8F-C455180E47F7}.Debug|Any CPU.Build.0 = Debug|Any CPU
		{4B9D7E1D-9A31-4B06-8E8F-C455180E47F7}.Release|Any CPU.ActiveCfg = Release|Any CPU
		{4B9D7E1D-9A31-4B06-8E8F-C455180E47F7}.Release|Any CPU.Build.0 = Release|Any CPU
		{B0EA7C27-4B38-43ED-9B15-77A124C2ED05}.Debug|Any CPU.ActiveCfg = Debug|Any CPU
		{B0EA7C27-4B38-43ED-9B15-77A124C2ED05}.Debug|Any CPU.Build.0 = Debug|Any CPU
		{B0EA7C27-4B38-43ED-9B15-77A124C2ED05}.Release|Any CPU.ActiveCfg = Release|Any CPU
		{B0EA7C27-4B38-43ED-9B15-77A124C2ED05}.Release|Any CPU.Build.0 = Release|Any CPU
		{DE8BFE72-F327-4107-BB94-A098CC9A5167}.Debug|Any CPU.ActiveCfg = Debug|Any CPU
		{DE8BFE72-F327-4107-BB94-A098CC9A5167}.Debug|Any CPU.Build.0 = Debug|Any CPU
		{DE8BFE72-F327-4107-BB94-A098CC9A5167}.Release|Any CPU.ActiveCfg = Release|Any CPU
		{DE8BFE72-F327-4107-BB94-A098CC9A5167}.Release|Any CPU.Build.0 = Release|Any CPU
		{7C9DCD6E-9EF1-4185-92EA-CE01361F359C}.Debug|Any CPU.ActiveCfg = Debug|Any CPU
		{7C9DCD6E-9EF1-4185-92EA-CE01361F359C}.Debug|Any CPU.Build.0 = Debug|Any CPU
		{7C9DCD6E-9EF1-4185-92EA-CE01361F359C}.Release|Any CPU.ActiveCfg = Release|Any CPU
		{7C9DCD6E-9EF1-4185-92EA-CE01361F359C}.Release|Any CPU.Build.0 = Release|Any CPU
		{0A9FA525-3B90-43F7-98F4-29AA97C0E1C4}.Debug|Any CPU.ActiveCfg = Debug|Any CPU
		{0A9FA525-3B90-43F7-98F4-29AA97C0E1C4}.Debug|Any CPU.Build.0 = Debug|Any CPU
		{0A9FA525-3B90-43F7-98F4-29AA97C0E1C4}.Release|Any CPU.ActiveCfg = Release|Any CPU
		{0A9FA525-3B90-43F7-98F4-29AA97C0E1C4}.Release|Any CPU.Build.0 = Release|Any CPU
		{379D2870-B071-4E8A-9926-159EA02F90E0}.Debug|Any CPU.ActiveCfg = Debug|Any CPU
		{379D2870-B071-4E8A-9926-159EA02F90E0}.Debug|Any CPU.Build.0 = Debug|Any CPU
		{379D2870-B071-4E8A-9926-159EA02F90E0}.Release|Any CPU.ActiveCfg = Release|Any CPU
		{379D2870-B071-4E8A-9926-159EA02F90E0}.Release|Any CPU.Build.0 = Release|Any CPU
		{ED32F06A-185B-4475-92A1-5C6E929068F8}.Debug|Any CPU.ActiveCfg = Debug|Any CPU
		{ED32F06A-185B-4475-92A1-5C6E929068F8}.Debug|Any CPU.Build.0 = Debug|Any CPU
		{ED32F06A-185B-4475-92A1-5C6E929068F8}.Release|Any CPU.ActiveCfg = Release|Any CPU
		{ED32F06A-185B-4475-92A1-5C6E929068F8}.Release|Any CPU.Build.0 = Release|Any CPU
		{94F9F7E4-4413-41BD-897D-276B8E3240DA}.Debug|Any CPU.ActiveCfg = Debug|Any CPU
		{94F9F7E4-4413-41BD-897D-276B8E3240DA}.Debug|Any CPU.Build.0 = Debug|Any CPU
		{94F9F7E4-4413-41BD-897D-276B8E3240DA}.Release|Any CPU.ActiveCfg = Release|Any CPU
		{94F9F7E4-4413-41BD-897D-276B8E3240DA}.Release|Any CPU.Build.0 = Release|Any CPU
		{9A1EC866-37AF-47C8-9591-A60C12595F3B}.Debug|Any CPU.ActiveCfg = Debug|Any CPU
		{9A1EC866-37AF-47C8-9591-A60C12595F3B}.Debug|Any CPU.Build.0 = Debug|Any CPU
		{9A1EC866-37AF-47C8-9591-A60C12595F3B}.Release|Any CPU.ActiveCfg = Release|Any CPU
		{9A1EC866-37AF-47C8-9591-A60C12595F3B}.Release|Any CPU.Build.0 = Release|Any CPU
	EndGlobalSection
	GlobalSection(SolutionProperties) = preSolution
		HideSolutionNode = FALSE
	EndGlobalSection
	GlobalSection(NestedProjects) = preSolution
		{0B452A16-C9EA-47E3-A59B-D314B45E6372} = {8A5D159D-0CFA-470A-9708-BFFD14C52446}
		{E48A2074-A78C-4D53-A9DE-965B502E9B65} = {8A5D159D-0CFA-470A-9708-BFFD14C52446}
		{11CBEE5C-FB7D-4371-B8ED-603602907AC5} = {E48A2074-A78C-4D53-A9DE-965B502E9B65}
		{05228DB8-DE78-476A-8D6B-10EE5439B333} = {0B452A16-C9EA-47E3-A59B-D314B45E6372}
		{486A2A71-1BC8-447C-AC24-4EE543DD0FE6} = {8A5D159D-0CFA-470A-9708-BFFD14C52446}
		{B75689AD-0985-4476-A1F1-3B4EF1C0811F} = {486A2A71-1BC8-447C-AC24-4EE543DD0FE6}
		{67B2068E-9A73-4C91-808E-BC8DA0D68A50} = {486A2A71-1BC8-447C-AC24-4EE543DD0FE6}
		{5B156E1F-4B1C-47B1-88A3-F9BB3244E126} = {8A5D159D-0CFA-470A-9708-BFFD14C52446}
		{4B9D7E1D-9A31-4B06-8E8F-C455180E47F7} = {5B156E1F-4B1C-47B1-88A3-F9BB3244E126}
		{B0EA7C27-4B38-43ED-9B15-77A124C2ED05} = {5B156E1F-4B1C-47B1-88A3-F9BB3244E126}
		{DE8BFE72-F327-4107-BB94-A098CC9A5167} = {5B156E1F-4B1C-47B1-88A3-F9BB3244E126}
		{7C9DCD6E-9EF1-4185-92EA-CE01361F359C} = {5B156E1F-4B1C-47B1-88A3-F9BB3244E126}
		{0A9FA525-3B90-43F7-98F4-29AA97C0E1C4} = {C6F6A3EA-F982-47DB-8BBB-AF74409F7CA0}
		{9FE6060B-4A41-4501-B861-0372D591F33E} = {A3CF7842-E154-4BC9-A385-3BCACC5F181C}
		{C6F6A3EA-F982-47DB-8BBB-AF74409F7CA0} = {A3CF7842-E154-4BC9-A385-3BCACC5F181C}
		{379D2870-B071-4E8A-9926-159EA02F90E0} = {9FE6060B-4A41-4501-B861-0372D591F33E}
		{ED32F06A-185B-4475-92A1-5C6E929068F8} = {9FE6060B-4A41-4501-B861-0372D591F33E}
		{4FB7F54D-0AE7-4D49-96AE-3EC688763EF7} = {A3CF7842-E154-4BC9-A385-3BCACC5F181C}
		{94F9F7E4-4413-41BD-897D-276B8E3240DA} = {4FB7F54D-0AE7-4D49-96AE-3EC688763EF7}
		{F379BE0A-DC3B-417E-9DBB-A8CFED7C24E8} = {A3CF7842-E154-4BC9-A385-3BCACC5F181C}
		{9A1EC866-37AF-47C8-9591-A60C12595F3B} = {F379BE0A-DC3B-417E-9DBB-A8CFED7C24E8}
	EndGlobalSection
	GlobalSection(ExtensibilityGlobals) = postSolution
		SolutionGuid = {066444FE-CA81-4FE6-816C-72D1F47B04D0}
	EndGlobalSection
EndGlobal
